
Microsoft Visual Studio Solution File, Format Version 12.00
# Visual Studio Version 17
VisualStudioVersion = 17.5.33414.496
MinimumVisualStudioVersion = 10.0.40219.1
Project("{FAE04EC0-301F-11D3-BF4B-00C04F79EFBC}") = "Happy_Mind", "Happy_Mind\Happy_Mind.csproj", "{0089841E-5892-4526-9432-39E3AB1A53EF}"
EndProject
Global
	GlobalSection(SolutionConfigurationPlatforms) = preSolution
		Debug|Any CPU = Debug|Any CPU
		Release|Any CPU = Release|Any CPU
	EndGlobalSection
	GlobalSection(ProjectConfigurationPlatforms) = postSolution
		{0089841E-5892-4526-9432-39E3AB1A53EF}.Debug|Any CPU.ActiveCfg = Debug|Any CPU
		{0089841E-5892-4526-9432-39E3AB1A53EF}.Debug|Any CPU.Build.0 = Debug|Any CPU
		{0089841E-5892-4526-9432-39E3AB1A53EF}.Release|Any CPU.ActiveCfg = Release|Any CPU
		{0089841E-5892-4526-9432-39E3AB1A53EF}.Release|Any CPU.Build.0 = Release|Any CPU
	EndGlobalSection
	GlobalSection(SolutionProperties) = preSolution
		HideSolutionNode = FALSE
	EndGlobalSection
	GlobalSection(ExtensibilityGlobals) = postSolution
		SolutionGuid = {B75460BF-563A-42BD-A73C-CBDF43B1D120}
	EndGlobalSection
EndGlobal
