
Microsoft Visual Studio Solution File, Format Version 12.00
# Visual Studio Version 16
VisualStudioVersion = 16.0.31410.357
MinimumVisualStudioVersion = 10.0.40219.1
Project("{FAE04EC0-301F-11D3-BF4B-00C04F79EFBC}") = "ProjetoHappyMind", "ProjetoHappyMind.csproj", "{FEAC015E-0FF6-4873-88A1-E1EA87B04CD4}"
EndProject
Global
	GlobalSection(SolutionConfigurationPlatforms) = preSolution
		Debug|Any CPU = Debug|Any CPU
		Release|Any CPU = Release|Any CPU
	EndGlobalSection
	GlobalSection(ProjectConfigurationPlatforms) = postSolution
		{FEAC015E-0FF6-4873-88A1-E1EA87B04CD4}.Debug|Any CPU.ActiveCfg = Debug|Any CPU
		{FEAC015E-0FF6-4873-88A1-E1EA87B04CD4}.Debug|Any CPU.Build.0 = Debug|Any CPU
		{FEAC015E-0FF6-4873-88A1-E1EA87B04CD4}.Release|Any CPU.ActiveCfg = Release|Any CPU
		{FEAC015E-0FF6-4873-88A1-E1EA87B04CD4}.Release|Any CPU.Build.0 = Release|Any CPU
	EndGlobalSection
	GlobalSection(SolutionProperties) = preSolution
		HideSolutionNode = FALSE
	EndGlobalSection
	GlobalSection(ExtensibilityGlobals) = postSolution
		SolutionGuid = {076400C7-D074-4EF7-B2BC-5D8DA167655C}
	EndGlobalSection
EndGlobal
